
Microsoft Visual Studio Solution File, Format Version 12.00
# Visual Studio Version 16
VisualStudioVersion = 16.0.30611.23
MinimumVisualStudioVersion = 10.0.40219.1
Project("{FAE04EC0-301F-11D3-BF4B-00C04F79EFBC}") = "HomePractice1", "HomePractice1\HomePractice1.csproj", "{80406493-3433-4D99-B1AB-E485D77FEC7A}"
EndProject
Project("{FAE04EC0-301F-11D3-BF4B-00C04F79EFBC}") = "HomePractice2", "HomePractice2\HomePractice2.csproj", "{B5174729-0DD3-4D6B-A5B3-6222CBD2E228}"
EndProject
Global
	GlobalSection(SolutionConfigurationPlatforms) = preSolution
		Debug|Any CPU = Debug|Any CPU
		Release|Any CPU = Release|Any CPU
	EndGlobalSection
	GlobalSection(ProjectConfigurationPlatforms) = postSolution
		{80406493-3433-4D99-B1AB-E485D77FEC7A}.Debug|Any CPU.ActiveCfg = Debug|Any CPU
		{80406493-3433-4D99-B1AB-E485D77FEC7A}.Debug|Any CPU.Build.0 = Debug|Any CPU
		{80406493-3433-4D99-B1AB-E485D77FEC7A}.Release|Any CPU.ActiveCfg = Release|Any CPU
		{80406493-3433-4D99-B1AB-E485D77FEC7A}.Release|Any CPU.Build.0 = Release|Any CPU
		{B5174729-0DD3-4D6B-A5B3-6222CBD2E228}.Debug|Any CPU.ActiveCfg = Debug|Any CPU
		{B5174729-0DD3-4D6B-A5B3-6222CBD2E228}.Debug|Any CPU.Build.0 = Debug|Any CPU
		{B5174729-0DD3-4D6B-A5B3-6222CBD2E228}.Release|Any CPU.ActiveCfg = Release|Any CPU
		{B5174729-0DD3-4D6B-A5B3-6222CBD2E228}.Release|Any CPU.Build.0 = Release|Any CPU
	EndGlobalSection
	GlobalSection(SolutionProperties) = preSolution
		HideSolutionNode = FALSE
	EndGlobalSection
	GlobalSection(ExtensibilityGlobals) = postSolution
		SolutionGuid = {9DE94072-4243-4D2C-86F5-410DE0D2AF9F}
	EndGlobalSection
EndGlobal
