
Microsoft Visual Studio Solution File, Format Version 12.00
# Visual Studio Version 16
VisualStudioVersion = 16.0.30621.155
MinimumVisualStudioVersion = 10.0.40219.1
Project("{9A19103F-16F7-4668-BE54-9A1E7A4F7556}") = "MockAnswer2", "Homepractice21\MockAnswer2.csproj", "{856AD5F1-CADC-4C27-B976-8EEC6A8D053D}"
EndProject
Project("{9A19103F-16F7-4668-BE54-9A1E7A4F7556}") = "MockAnswer5", "MockAnswer5\MockAnswer5.csproj", "{7791CECE-E940-49FA-AD6A-7C1DF9A6F6ED}"
EndProject
Project("{9A19103F-16F7-4668-BE54-9A1E7A4F7556}") = "MockAnswer6", "MockAnswer6\MockAnswer6.csproj", "{EF6F4979-92CC-4DCC-843B-F5933285C75E}"
EndProject
Project("{FAE04EC0-301F-11D3-BF4B-00C04F79EFBC}") = "ExamPractice", "ExamPractice\ExamPractice.csproj", "{A0D5AD1D-CA4A-480A-83FA-75F56D17024F}"
EndProject
Global
	GlobalSection(SolutionConfigurationPlatforms) = preSolution
		Debug|Any CPU = Debug|Any CPU
		Release|Any CPU = Release|Any CPU
	EndGlobalSection
	GlobalSection(ProjectConfigurationPlatforms) = postSolution
		{856AD5F1-CADC-4C27-B976-8EEC6A8D053D}.Debug|Any CPU.ActiveCfg = Debug|Any CPU
		{856AD5F1-CADC-4C27-B976-8EEC6A8D053D}.Debug|Any CPU.Build.0 = Debug|Any CPU
		{856AD5F1-CADC-4C27-B976-8EEC6A8D053D}.Release|Any CPU.ActiveCfg = Release|Any CPU
		{856AD5F1-CADC-4C27-B976-8EEC6A8D053D}.Release|Any CPU.Build.0 = Release|Any CPU
		{7791CECE-E940-49FA-AD6A-7C1DF9A6F6ED}.Debug|Any CPU.ActiveCfg = Debug|Any CPU
		{7791CECE-E940-49FA-AD6A-7C1DF9A6F6ED}.Debug|Any CPU.Build.0 = Debug|Any CPU
		{7791CECE-E940-49FA-AD6A-7C1DF9A6F6ED}.Release|Any CPU.ActiveCfg = Release|Any CPU
		{7791CECE-E940-49FA-AD6A-7C1DF9A6F6ED}.Release|Any CPU.Build.0 = Release|Any CPU
		{EF6F4979-92CC-4DCC-843B-F5933285C75E}.Debug|Any CPU.ActiveCfg = Debug|Any CPU
		{EF6F4979-92CC-4DCC-843B-F5933285C75E}.Debug|Any CPU.Build.0 = Debug|Any CPU
		{EF6F4979-92CC-4DCC-843B-F5933285C75E}.Release|Any CPU.ActiveCfg = Release|Any CPU
		{EF6F4979-92CC-4DCC-843B-F5933285C75E}.Release|Any CPU.Build.0 = Release|Any CPU
		{A0D5AD1D-CA4A-480A-83FA-75F56D17024F}.Debug|Any CPU.ActiveCfg = Debug|Any CPU
		{A0D5AD1D-CA4A-480A-83FA-75F56D17024F}.Debug|Any CPU.Build.0 = Debug|Any CPU
		{A0D5AD1D-CA4A-480A-83FA-75F56D17024F}.Release|Any CPU.ActiveCfg = Release|Any CPU
		{A0D5AD1D-CA4A-480A-83FA-75F56D17024F}.Release|Any CPU.Build.0 = Release|Any CPU
	EndGlobalSection
	GlobalSection(SolutionProperties) = preSolution
		HideSolutionNode = FALSE
	EndGlobalSection
	GlobalSection(ExtensibilityGlobals) = postSolution
		SolutionGuid = {E0CBF191-38A1-4EDD-883A-06FDC7E0ED49}
	EndGlobalSection
EndGlobal
