
Microsoft Visual Studio Solution File, Format Version 12.00
# Visual Studio Version 16
VisualStudioVersion = 16.0.30621.155
MinimumVisualStudioVersion = 10.0.40219.1
Project("{FAE04EC0-301F-11D3-BF4B-00C04F79EFBC}") = "MockTest", "MockTest\MockTest.csproj", "{1DCC8B4B-FB22-41B0-A1B5-897D41F2E28C}"
EndProject
Global
	GlobalSection(SolutionConfigurationPlatforms) = preSolution
		Debug|Any CPU = Debug|Any CPU
		Release|Any CPU = Release|Any CPU
	EndGlobalSection
	GlobalSection(ProjectConfigurationPlatforms) = postSolution
		{1DCC8B4B-FB22-41B0-A1B5-897D41F2E28C}.Debug|Any CPU.ActiveCfg = Debug|Any CPU
		{1DCC8B4B-FB22-41B0-A1B5-897D41F2E28C}.Debug|Any CPU.Build.0 = Debug|Any CPU
		{1DCC8B4B-FB22-41B0-A1B5-897D41F2E28C}.Release|Any CPU.ActiveCfg = Release|Any CPU
		{1DCC8B4B-FB22-41B0-A1B5-897D41F2E28C}.Release|Any CPU.Build.0 = Release|Any CPU
	EndGlobalSection
	GlobalSection(SolutionProperties) = preSolution
		HideSolutionNode = FALSE
	EndGlobalSection
	GlobalSection(ExtensibilityGlobals) = postSolution
		SolutionGuid = {434056E8-8AE1-49FB-8C7C-60FF1769EBCF}
	EndGlobalSection
EndGlobal
