
Microsoft Visual Studio Solution File, Format Version 12.00
# Visual Studio Version 16
VisualStudioVersion = 16.0.30621.155
MinimumVisualStudioVersion = 10.0.40219.1
Project("{FAE04EC0-301F-11D3-BF4B-00C04F79EFBC}") = "HomePracticeDay18", "HomePracticeDay18\HomePracticeDay18.csproj", "{A2014CAF-B1A1-4696-BC36-9FE72652E092}"
EndProject
Global
	GlobalSection(SolutionConfigurationPlatforms) = preSolution
		Debug|Any CPU = Debug|Any CPU
		Release|Any CPU = Release|Any CPU
	EndGlobalSection
	GlobalSection(ProjectConfigurationPlatforms) = postSolution
		{A2014CAF-B1A1-4696-BC36-9FE72652E092}.Debug|Any CPU.ActiveCfg = Debug|Any CPU
		{A2014CAF-B1A1-4696-BC36-9FE72652E092}.Debug|Any CPU.Build.0 = Debug|Any CPU
		{A2014CAF-B1A1-4696-BC36-9FE72652E092}.Release|Any CPU.ActiveCfg = Release|Any CPU
		{A2014CAF-B1A1-4696-BC36-9FE72652E092}.Release|Any CPU.Build.0 = Release|Any CPU
	EndGlobalSection
	GlobalSection(SolutionProperties) = preSolution
		HideSolutionNode = FALSE
	EndGlobalSection
	GlobalSection(ExtensibilityGlobals) = postSolution
		SolutionGuid = {4FD49BD1-B27F-456B-9C4F-5875F2A68B6A}
	EndGlobalSection
EndGlobal
